
Microsoft Visual Studio Solution File, Format Version 12.00
# Visual Studio Version 17
VisualStudioVersion = 17.13.35913.81
MinimumVisualStudioVersion = 10.0.40219.1
Project("{2150E333-8FDC-42A3-9474-1A3956D46DE8}") = "01", "01", "{02EA681E-C7D8-13C7-8484-4AC65E1B71E8}"
EndProject
Project("{FAE04EC0-301F-11D3-BF4B-00C04F79EFBC}") = "Par o impar", "Par o impar\Par o impar.csproj", "{BB015923-3BB4-4435-B56A-5ED5CABF3505}"
EndProject
Project("{2150E333-8FDC-42A3-9474-1A3956D46DE8}") = "02", "02", "{6FBBBC85-92FE-4981-8070-C0CAB7B29381}"
EndProject
Project("{FAE04EC0-301F-11D3-BF4B-00C04F79EFBC}") = "Numero Mayor", "Numero Mayor\Numero Mayor.csproj", "{FCD529DD-0717-4BAE-BA37-C7C37BEF0714}"
EndProject
Project("{2150E333-8FDC-42A3-9474-1A3956D46DE8}") = "03", "03", "{48A5A3D7-28B8-4AEA-846D-D9BE5D06F015}"
EndProject
Project("{FAE04EC0-301F-11D3-BF4B-00C04F79EFBC}") = "Ordenar Numeros", "Ordenar Numeros\Ordenar Numeros.csproj", "{286E5830-D475-4988-939A-F90F515DA106}"
EndProject
Global
	GlobalSection(SolutionConfigurationPlatforms) = preSolution
		Debug|Any CPU = Debug|Any CPU
		Release|Any CPU = Release|Any CPU
	EndGlobalSection
	GlobalSection(ProjectConfigurationPlatforms) = postSolution
		{BB015923-3BB4-4435-B56A-5ED5CABF3505}.Debug|Any CPU.ActiveCfg = Debug|Any CPU
		{BB015923-3BB4-4435-B56A-5ED5CABF3505}.Debug|Any CPU.Build.0 = Debug|Any CPU
		{BB015923-3BB4-4435-B56A-5ED5CABF3505}.Release|Any CPU.ActiveCfg = Release|Any CPU
		{BB015923-3BB4-4435-B56A-5ED5CABF3505}.Release|Any CPU.Build.0 = Release|Any CPU
		{FCD529DD-0717-4BAE-BA37-C7C37BEF0714}.Debug|Any CPU.ActiveCfg = Debug|Any CPU
		{FCD529DD-0717-4BAE-BA37-C7C37BEF0714}.Debug|Any CPU.Build.0 = Debug|Any CPU
		{FCD529DD-0717-4BAE-BA37-C7C37BEF0714}.Release|Any CPU.ActiveCfg = Release|Any CPU
		{FCD529DD-0717-4BAE-BA37-C7C37BEF0714}.Release|Any CPU.Build.0 = Release|Any CPU
		{286E5830-D475-4988-939A-F90F515DA106}.Debug|Any CPU.ActiveCfg = Debug|Any CPU
		{286E5830-D475-4988-939A-F90F515DA106}.Debug|Any CPU.Build.0 = Debug|Any CPU
		{286E5830-D475-4988-939A-F90F515DA106}.Release|Any CPU.ActiveCfg = Release|Any CPU
		{286E5830-D475-4988-939A-F90F515DA106}.Release|Any CPU.Build.0 = Release|Any CPU
	EndGlobalSection
	GlobalSection(SolutionProperties) = preSolution
		HideSolutionNode = FALSE
	EndGlobalSection
	GlobalSection(NestedProjects) = preSolution
		{BB015923-3BB4-4435-B56A-5ED5CABF3505} = {02EA681E-C7D8-13C7-8484-4AC65E1B71E8}
		{FCD529DD-0717-4BAE-BA37-C7C37BEF0714} = {6FBBBC85-92FE-4981-8070-C0CAB7B29381}
		{286E5830-D475-4988-939A-F90F515DA106} = {48A5A3D7-28B8-4AEA-846D-D9BE5D06F015}
	EndGlobalSection
	GlobalSection(ExtensibilityGlobals) = postSolution
		SolutionGuid = {0C162FC2-094F-40C7-B399-A02489CB5892}
	EndGlobalSection
EndGlobal
